
Microsoft Visual Studio Solution File, Format Version 12.00
# Visual Studio Version 17
VisualStudioVersion = 17.5.33627.172
MinimumVisualStudioVersion = 10.0.40219.1
Project("{FAE04EC0-301F-11D3-BF4B-00C04F79EFBC}") = "TopicValidator", "TopicValidator\TopicValidator.csproj", "{27E1D76F-751E-411F-AC14-F48AE232F8D8}"
EndProject
Project("{FAE04EC0-301F-11D3-BF4B-00C04F79EFBC}") = "TopicValidatorTesting", "TopicValidatorTesting\TopicValidatorTesting.csproj", "{AE5D1055-6C8A-4989-9C88-A51201273204}"
EndProject
Global
	GlobalSection(SolutionConfigurationPlatforms) = preSolution
		Debug|Any CPU = Debug|Any CPU
		Release|Any CPU = Release|Any CPU
	EndGlobalSection
	GlobalSection(ProjectConfigurationPlatforms) = postSolution
		{27E1D76F-751E-411F-AC14-F48AE232F8D8}.Debug|Any CPU.ActiveCfg = Debug|Any CPU
		{27E1D76F-751E-411F-AC14-F48AE232F8D8}.Debug|Any CPU.Build.0 = Debug|Any CPU
		{27E1D76F-751E-411F-AC14-F48AE232F8D8}.Release|Any CPU.ActiveCfg = Release|Any CPU
		{27E1D76F-751E-411F-AC14-F48AE232F8D8}.Release|Any CPU.Build.0 = Release|Any CPU
		{AE5D1055-6C8A-4989-9C88-A51201273204}.Debug|Any CPU.ActiveCfg = Debug|Any CPU
		{AE5D1055-6C8A-4989-9C88-A51201273204}.Debug|Any CPU.Build.0 = Debug|Any CPU
		{AE5D1055-6C8A-4989-9C88-A51201273204}.Release|Any CPU.ActiveCfg = Release|Any CPU
		{AE5D1055-6C8A-4989-9C88-A51201273204}.Release|Any CPU.Build.0 = Release|Any CPU
	EndGlobalSection
	GlobalSection(SolutionProperties) = preSolution
		HideSolutionNode = FALSE
	EndGlobalSection
	GlobalSection(ExtensibilityGlobals) = postSolution
		SolutionGuid = {150546ED-91D4-4CDD-95A5-10B17F4E8DD2}
	EndGlobalSection
EndGlobal
